
Microsoft Visual Studio Solution File, Format Version 12.00
# Visual Studio Version 17
VisualStudioVersion = 17.9.34902.65
MinimumVisualStudioVersion = 10.0.40219.1
Project("{9A19103F-16F7-4668-BE54-9A1E7A4F7556}") = "Morph.Serializer", "Morph.Serializer\Morph.Serializer.csproj", "{5B80E506-A54E-4DB8-ABAE-BCFD939FBCA9}"
EndProject
Project("{9A19103F-16F7-4668-BE54-9A1E7A4F7556}") = "Morph.Tests", "Morph.Tests\Morph.Tests.csproj", "{9D0277D5-ACB6-4326-8418-CEEEEB63E4ED}"
EndProject
Global
	GlobalSection(SolutionConfigurationPlatforms) = preSolution
		Debug|Any CPU = Debug|Any CPU
		Release|Any CPU = Release|Any CPU
	EndGlobalSection
	GlobalSection(ProjectConfigurationPlatforms) = postSolution
		{5B80E506-A54E-4DB8-ABAE-BCFD939FBCA9}.Debug|Any CPU.ActiveCfg = Debug|Any CPU
		{5B80E506-A54E-4DB8-ABAE-BCFD939FBCA9}.Debug|Any CPU.Build.0 = Debug|Any CPU
		{5B80E506-A54E-4DB8-ABAE-BCFD939FBCA9}.Release|Any CPU.ActiveCfg = Release|Any CPU
		{5B80E506-A54E-4DB8-ABAE-BCFD939FBCA9}.Release|Any CPU.Build.0 = Release|Any CPU
		{9D0277D5-ACB6-4326-8418-CEEEEB63E4ED}.Debug|Any CPU.ActiveCfg = Debug|Any CPU
		{9D0277D5-ACB6-4326-8418-CEEEEB63E4ED}.Debug|Any CPU.Build.0 = Debug|Any CPU
		{9D0277D5-ACB6-4326-8418-CEEEEB63E4ED}.Release|Any CPU.ActiveCfg = Release|Any CPU
		{9D0277D5-ACB6-4326-8418-CEEEEB63E4ED}.Release|Any CPU.Build.0 = Release|Any CPU
	EndGlobalSection
	GlobalSection(SolutionProperties) = preSolution
		HideSolutionNode = FALSE
	EndGlobalSection
	GlobalSection(ExtensibilityGlobals) = postSolution
		SolutionGuid = {DBFD68C5-4605-4042-81B3-7F0E0FF837BD}
	EndGlobalSection
EndGlobal
